
Microsoft Visual Studio Solution File, Format Version 12.00
# Visual Studio Version 17
VisualStudioVersion = 17.0.31903.59
MinimumVisualStudioVersion = 10.0.40219.1
Project("{FAE04EC0-301F-11D3-BF4B-00C04F79EFBC}") = "WebApplication1", "WebApplication1\WebApplication1.csproj", "{987A93BF-1104-41DA-9E6C-236B11BF4650}"
EndProject
Global
	GlobalSection(SolutionConfigurationPlatforms) = preSolution
		Debug|Any CPU = Debug|Any CPU
		Release|Any CPU = Release|Any CPU
	EndGlobalSection
	GlobalSection(ProjectConfigurationPlatforms) = postSolution
		{987A93BF-1104-41DA-9E6C-236B11BF4650}.Debug|Any CPU.ActiveCfg = Debug|Any CPU
		{987A93BF-1104-41DA-9E6C-236B11BF4650}.Debug|Any CPU.Build.0 = Debug|Any CPU
		{987A93BF-1104-41DA-9E6C-236B11BF4650}.Release|Any CPU.ActiveCfg = Release|Any CPU
		{987A93BF-1104-41DA-9E6C-236B11BF4650}.Release|Any CPU.Build.0 = Release|Any CPU
	EndGlobalSection
	GlobalSection(SolutionProperties) = preSolution
		HideSolutionNode = FALSE
	EndGlobalSection
EndGlobal
